
Microsoft Visual Studio Solution File, Format Version 10.00
# Visual Studio 2008
Project("{FAE04EC0-301F-11D3-BF4B-00C04F79EFBC}") = "Reactivity", "Reactivity\Reactivity.csproj", "{9F49DFFC-6712-4ACE-ABF6-CA150B821B5C}"
EndProject
Project("{FAE04EC0-301F-11D3-BF4B-00C04F79EFBC}") = "Reactivity.Server", "Reactivity.Server\Reactivity.Server.csproj", "{E699DD05-BCF3-4FE0-89F8-F686FEC6899E}"
EndProject
Project("{FAE04EC0-301F-11D3-BF4B-00C04F79EFBC}") = "Reactivity.Data", "Reactivity.Data\Reactivity.Data.csproj", "{70E0D16C-9C76-403B-871E-ABBBE8AB4A29}"
EndProject
Project("{FAE04EC0-301F-11D3-BF4B-00C04F79EFBC}") = "Reactivity.Web", "Reactivity.Web\Reactivity.Web.csproj", "{2305CB57-A454-483B-B794-B5304EB1013A}"
EndProject
Project("{E24C65DC-7377-472B-9ABA-BC803B73C61A}") = "service.reac.tivity.org", "..\service.reac.tivity.org\", "{8BDFFF05-7279-4B4E-8AC7-BF69BA4525C2}"
	ProjectSection(WebsiteProperties) = preProject
		TargetFramework = "3.5"
		ProjectReferences = "{E699DD05-BCF3-4FE0-89F8-F686FEC6899E}|Reactivity.Server.dll;{70E0D16C-9C76-403B-871E-ABBBE8AB4A29}|Reactivity.Data.dll;{9F49DFFC-6712-4ACE-ABF6-CA150B821B5C}|Reactivity.dll;"
		Debug.AspNetCompiler.VirtualPath = "/service.reac.tivity.org"
		Debug.AspNetCompiler.PhysicalPath = "..\service.reac.tivity.org\"
		Debug.AspNetCompiler.TargetPath = "PrecompiledWeb\service.reac.tivity.org\"
		Debug.AspNetCompiler.Updateable = "true"
		Debug.AspNetCompiler.ForceOverwrite = "true"
		Debug.AspNetCompiler.FixedNames = "false"
		Debug.AspNetCompiler.Debug = "True"
		Release.AspNetCompiler.VirtualPath = "/service.reac.tivity.org"
		Release.AspNetCompiler.PhysicalPath = "..\service.reac.tivity.org\"
		Release.AspNetCompiler.TargetPath = "PrecompiledWeb\service.reac.tivity.org\"
		Release.AspNetCompiler.Updateable = "true"
		Release.AspNetCompiler.ForceOverwrite = "true"
		Release.AspNetCompiler.FixedNames = "false"
		Release.AspNetCompiler.Debug = "False"
		VWDPort = "51780"
		VWDDynamicPort = "true"
		DefaultWebSiteLanguage = "Visual C#"
		StartServerOnDebug = "false"
	EndProjectSection
EndProject
Project("{FAE04EC0-301F-11D3-BF4B-00C04F79EFBC}") = "Reactivity.UI", "Reactivity.UI\Reactivity.UI.csproj", "{F108D585-06D0-4E69-9CB1-C0E4F465D951}"
EndProject
Project("{FAE04EC0-301F-11D3-BF4B-00C04F79EFBC}") = "Reactivity.UI.ControlPanel", "Reactivity.UI.ControlPanel\Reactivity.UI.ControlPanel.csproj", "{D14FEF8F-35EF-44CD-AE85-649A60319ECD}"
EndProject
Project("{FAE04EC0-301F-11D3-BF4B-00C04F79EFBC}") = "Reactivity.Nodes", "Reactivity.Nodes\Reactivity.Nodes.csproj", "{5D9ABB78-D943-464D-89C3-56E4DC9E7625}"
EndProject
Project("{FAE04EC0-301F-11D3-BF4B-00C04F79EFBC}") = "Reactivity.Clients", "Reactivity.Clients\Reactivity.Clients.csproj", "{937C2AC8-5378-4CA5-8BB6-215C0463CF9F}"
EndProject
Project("{E24C65DC-7377-472B-9ABA-BC803B73C61A}") = "reac.tivity.org", "..\reac.tivity.org\", "{B2D04F72-E651-4B19-9C00-561D3D3233C3}"
	ProjectSection(WebsiteProperties) = preProject
		TargetFramework = "3.5"
		ProjectReferences = "{2305CB57-A454-483B-B794-B5304EB1013A}|Reactivity.Web.dll;{937C2AC8-5378-4CA5-8BB6-215C0463CF9F}|Reactivity.Clients.dll;{9F49DFFC-6712-4ACE-ABF6-CA150B821B5C}|Reactivity.dll;"
		Debug.AspNetCompiler.VirtualPath = "/reac.tivity.org"
		Debug.AspNetCompiler.PhysicalPath = "..\reac.tivity.org\"
		Debug.AspNetCompiler.TargetPath = "PrecompiledWeb\reac.tivity.org\"
		Debug.AspNetCompiler.Updateable = "true"
		Debug.AspNetCompiler.ForceOverwrite = "true"
		Debug.AspNetCompiler.FixedNames = "false"
		Debug.AspNetCompiler.Debug = "True"
		Release.AspNetCompiler.VirtualPath = "/reac.tivity.org"
		Release.AspNetCompiler.PhysicalPath = "..\reac.tivity.org\"
		Release.AspNetCompiler.TargetPath = "PrecompiledWeb\reac.tivity.org\"
		Release.AspNetCompiler.Updateable = "true"
		Release.AspNetCompiler.ForceOverwrite = "true"
		Release.AspNetCompiler.FixedNames = "false"
		Release.AspNetCompiler.Debug = "False"
		VWDPort = "50142"
		VWDVirtualPath = "/"
		StartServerOnDebug = "false"
	EndProjectSection
EndProject
Project("{FAE04EC0-301F-11D3-BF4B-00C04F79EFBC}") = "Reactivity.Nodes.Simulation", "Reactivity.Nodes.Simulation\Reactivity.Nodes.Simulation.csproj", "{7A0D0DC2-60EE-4EB9-99FB-820904E2E7EB}"
EndProject
Project("{FAE04EC0-301F-11D3-BF4B-00C04F79EFBC}") = "Reactivity.Nodes.Computer", "Reactivity.Nodes.Computer\Reactivity.Nodes.Computer.csproj", "{67A707A2-1917-4526-BD3A-D0E5C571A625}"
EndProject
Project("{FAE04EC0-301F-11D3-BF4B-00C04F79EFBC}") = "Reactivity.Nodes.Computer.Service", "Reactivity.Nodes.Computer.Service\Reactivity.Nodes.Computer.Service.csproj", "{1DF9CCDF-DFF4-47EF-8A11-D2428C472099}"
EndProject
Project("{FAE04EC0-301F-11D3-BF4B-00C04F79EFBC}") = "Reactivity.Rules", "Reactivity.Rules\Reactivity.Rules.csproj", "{A6122080-4889-487E-8D07-DA303D9479CC}"
EndProject
Project("{FAE04EC0-301F-11D3-BF4B-00C04F79EFBC}") = "Reactivity.Nodes.Computer.Console", "Reactivity.Nodes.Computer.Console\Reactivity.Nodes.Computer.Console.csproj", "{67226B9E-F88D-4A1E-89D9-BCE3A7CA1B59}"
EndProject
Project("{FAE04EC0-301F-11D3-BF4B-00C04F79EFBC}") = "Reactivity.Nodes.Hardware", "Reactivity.Nodes.Hardware\Reactivity.Nodes.Hardware.csproj", "{B208FD80-E2C5-4FDC-8865-CDC3E2BE9268}"
EndProject
Project("{FAE04EC0-301F-11D3-BF4B-00C04F79EFBC}") = "Reactivity.Nodes.Hardware.Console", "Reactivity.Nodes.Hardware.Console\Reactivity.Nodes.Hardware.Console.csproj", "{3B45287A-288C-484B-B3B8-0FC340DAFB8C}"
EndProject
Project("{FAE04EC0-301F-11D3-BF4B-00C04F79EFBC}") = "Reactivity.Nodes.Demo", "Reactivity.Nodes.Demo\Reactivity.Nodes.Demo.csproj", "{C4161FA2-1F58-41E4-B14A-24DB1780554E}"
EndProject
Global
	GlobalSection(SolutionConfigurationPlatforms) = preSolution
		Debug|.NET = Debug|.NET
		Debug|Any CPU = Debug|Any CPU
		Debug|Mixed Platforms = Debug|Mixed Platforms
		Debug|x86 = Debug|x86
		Release|.NET = Release|.NET
		Release|Any CPU = Release|Any CPU
		Release|Mixed Platforms = Release|Mixed Platforms
		Release|x86 = Release|x86
	EndGlobalSection
	GlobalSection(ProjectConfigurationPlatforms) = postSolution
		{9F49DFFC-6712-4ACE-ABF6-CA150B821B5C}.Debug|.NET.ActiveCfg = Debug|Any CPU
		{9F49DFFC-6712-4ACE-ABF6-CA150B821B5C}.Debug|.NET.Build.0 = Debug|Any CPU
		{9F49DFFC-6712-4ACE-ABF6-CA150B821B5C}.Debug|Any CPU.ActiveCfg = Debug|Any CPU
		{9F49DFFC-6712-4ACE-ABF6-CA150B821B5C}.Debug|Any CPU.Build.0 = Debug|Any CPU
		{9F49DFFC-6712-4ACE-ABF6-CA150B821B5C}.Debug|Mixed Platforms.ActiveCfg = Debug|Any CPU
		{9F49DFFC-6712-4ACE-ABF6-CA150B821B5C}.Debug|Mixed Platforms.Build.0 = Debug|Any CPU
		{9F49DFFC-6712-4ACE-ABF6-CA150B821B5C}.Debug|x86.ActiveCfg = Debug|Any CPU
		{9F49DFFC-6712-4ACE-ABF6-CA150B821B5C}.Release|.NET.ActiveCfg = Release|Any CPU
		{9F49DFFC-6712-4ACE-ABF6-CA150B821B5C}.Release|Any CPU.ActiveCfg = Release|Any CPU
		{9F49DFFC-6712-4ACE-ABF6-CA150B821B5C}.Release|Any CPU.Build.0 = Release|Any CPU
		{9F49DFFC-6712-4ACE-ABF6-CA150B821B5C}.Release|Mixed Platforms.ActiveCfg = Release|Any CPU
		{9F49DFFC-6712-4ACE-ABF6-CA150B821B5C}.Release|Mixed Platforms.Build.0 = Release|Any CPU
		{9F49DFFC-6712-4ACE-ABF6-CA150B821B5C}.Release|x86.ActiveCfg = Release|Any CPU
		{E699DD05-BCF3-4FE0-89F8-F686FEC6899E}.Debug|.NET.ActiveCfg = Debug|Any CPU
		{E699DD05-BCF3-4FE0-89F8-F686FEC6899E}.Debug|.NET.Build.0 = Debug|Any CPU
		{E699DD05-BCF3-4FE0-89F8-F686FEC6899E}.Debug|Any CPU.ActiveCfg = Debug|Any CPU
		{E699DD05-BCF3-4FE0-89F8-F686FEC6899E}.Debug|Any CPU.Build.0 = Debug|Any CPU
		{E699DD05-BCF3-4FE0-89F8-F686FEC6899E}.Debug|Mixed Platforms.ActiveCfg = Debug|Any CPU
		{E699DD05-BCF3-4FE0-89F8-F686FEC6899E}.Debug|Mixed Platforms.Build.0 = Debug|Any CPU
		{E699DD05-BCF3-4FE0-89F8-F686FEC6899E}.Debug|x86.ActiveCfg = Debug|Any CPU
		{E699DD05-BCF3-4FE0-89F8-F686FEC6899E}.Release|.NET.ActiveCfg = Release|Any CPU
		{E699DD05-BCF3-4FE0-89F8-F686FEC6899E}.Release|Any CPU.ActiveCfg = Release|Any CPU
		{E699DD05-BCF3-4FE0-89F8-F686FEC6899E}.Release|Any CPU.Build.0 = Release|Any CPU
		{E699DD05-BCF3-4FE0-89F8-F686FEC6899E}.Release|Mixed Platforms.ActiveCfg = Release|Any CPU
		{E699DD05-BCF3-4FE0-89F8-F686FEC6899E}.Release|Mixed Platforms.Build.0 = Release|Any CPU
		{E699DD05-BCF3-4FE0-89F8-F686FEC6899E}.Release|x86.ActiveCfg = Release|Any CPU
		{70E0D16C-9C76-403B-871E-ABBBE8AB4A29}.Debug|.NET.ActiveCfg = Debug|Any CPU
		{70E0D16C-9C76-403B-871E-ABBBE8AB4A29}.Debug|.NET.Build.0 = Debug|Any CPU
		{70E0D16C-9C76-403B-871E-ABBBE8AB4A29}.Debug|Any CPU.ActiveCfg = Debug|Any CPU
		{70E0D16C-9C76-403B-871E-ABBBE8AB4A29}.Debug|Any CPU.Build.0 = Debug|Any CPU
		{70E0D16C-9C76-403B-871E-ABBBE8AB4A29}.Debug|Mixed Platforms.ActiveCfg = Debug|Any CPU
		{70E0D16C-9C76-403B-871E-ABBBE8AB4A29}.Debug|Mixed Platforms.Build.0 = Debug|Any CPU
		{70E0D16C-9C76-403B-871E-ABBBE8AB4A29}.Debug|x86.ActiveCfg = Debug|Any CPU
		{70E0D16C-9C76-403B-871E-ABBBE8AB4A29}.Release|.NET.ActiveCfg = Release|Any CPU
		{70E0D16C-9C76-403B-871E-ABBBE8AB4A29}.Release|Any CPU.ActiveCfg = Release|Any CPU
		{70E0D16C-9C76-403B-871E-ABBBE8AB4A29}.Release|Any CPU.Build.0 = Release|Any CPU
		{70E0D16C-9C76-403B-871E-ABBBE8AB4A29}.Release|Mixed Platforms.ActiveCfg = Release|Any CPU
		{70E0D16C-9C76-403B-871E-ABBBE8AB4A29}.Release|Mixed Platforms.Build.0 = Release|Any CPU
		{70E0D16C-9C76-403B-871E-ABBBE8AB4A29}.Release|x86.ActiveCfg = Release|Any CPU
		{2305CB57-A454-483B-B794-B5304EB1013A}.Debug|.NET.ActiveCfg = Debug|Any CPU
		{2305CB57-A454-483B-B794-B5304EB1013A}.Debug|.NET.Build.0 = Debug|Any CPU
		{2305CB57-A454-483B-B794-B5304EB1013A}.Debug|Any CPU.ActiveCfg = Debug|Any CPU
		{2305CB57-A454-483B-B794-B5304EB1013A}.Debug|Any CPU.Build.0 = Debug|Any CPU
		{2305CB57-A454-483B-B794-B5304EB1013A}.Debug|Mixed Platforms.ActiveCfg = Debug|Any CPU
		{2305CB57-A454-483B-B794-B5304EB1013A}.Debug|Mixed Platforms.Build.0 = Debug|Any CPU
		{2305CB57-A454-483B-B794-B5304EB1013A}.Debug|x86.ActiveCfg = Debug|Any CPU
		{2305CB57-A454-483B-B794-B5304EB1013A}.Release|.NET.ActiveCfg = Release|Any CPU
		{2305CB57-A454-483B-B794-B5304EB1013A}.Release|Any CPU.ActiveCfg = Release|Any CPU
		{2305CB57-A454-483B-B794-B5304EB1013A}.Release|Any CPU.Build.0 = Release|Any CPU
		{2305CB57-A454-483B-B794-B5304EB1013A}.Release|Mixed Platforms.ActiveCfg = Release|Any CPU
		{2305CB57-A454-483B-B794-B5304EB1013A}.Release|Mixed Platforms.Build.0 = Release|Any CPU
		{2305CB57-A454-483B-B794-B5304EB1013A}.Release|x86.ActiveCfg = Release|Any CPU
		{8BDFFF05-7279-4B4E-8AC7-BF69BA4525C2}.Debug|.NET.ActiveCfg = Debug|.NET
		{8BDFFF05-7279-4B4E-8AC7-BF69BA4525C2}.Debug|.NET.Build.0 = Debug|.NET
		{8BDFFF05-7279-4B4E-8AC7-BF69BA4525C2}.Debug|Any CPU.ActiveCfg = Debug|.NET
		{8BDFFF05-7279-4B4E-8AC7-BF69BA4525C2}.Debug|Mixed Platforms.ActiveCfg = Debug|.NET
		{8BDFFF05-7279-4B4E-8AC7-BF69BA4525C2}.Debug|Mixed Platforms.Build.0 = Debug|.NET
		{8BDFFF05-7279-4B4E-8AC7-BF69BA4525C2}.Debug|x86.ActiveCfg = Debug|.NET
		{8BDFFF05-7279-4B4E-8AC7-BF69BA4525C2}.Release|.NET.ActiveCfg = Debug|.NET
		{8BDFFF05-7279-4B4E-8AC7-BF69BA4525C2}.Release|.NET.Build.0 = Debug|.NET
		{8BDFFF05-7279-4B4E-8AC7-BF69BA4525C2}.Release|Any CPU.ActiveCfg = Debug|.NET
		{8BDFFF05-7279-4B4E-8AC7-BF69BA4525C2}.Release|Mixed Platforms.ActiveCfg = Debug|.NET
		{8BDFFF05-7279-4B4E-8AC7-BF69BA4525C2}.Release|Mixed Platforms.Build.0 = Debug|.NET
		{8BDFFF05-7279-4B4E-8AC7-BF69BA4525C2}.Release|x86.ActiveCfg = Debug|.NET
		{F108D585-06D0-4E69-9CB1-C0E4F465D951}.Debug|.NET.ActiveCfg = Debug|Any CPU
		{F108D585-06D0-4E69-9CB1-C0E4F465D951}.Debug|.NET.Build.0 = Debug|Any CPU
		{F108D585-06D0-4E69-9CB1-C0E4F465D951}.Debug|Any CPU.ActiveCfg = Debug|Any CPU
		{F108D585-06D0-4E69-9CB1-C0E4F465D951}.Debug|Any CPU.Build.0 = Debug|Any CPU
		{F108D585-06D0-4E69-9CB1-C0E4F465D951}.Debug|Mixed Platforms.ActiveCfg = Debug|Any CPU
		{F108D585-06D0-4E69-9CB1-C0E4F465D951}.Debug|Mixed Platforms.Build.0 = Debug|Any CPU
		{F108D585-06D0-4E69-9CB1-C0E4F465D951}.Debug|x86.ActiveCfg = Debug|Any CPU
		{F108D585-06D0-4E69-9CB1-C0E4F465D951}.Release|.NET.ActiveCfg = Release|Any CPU
		{F108D585-06D0-4E69-9CB1-C0E4F465D951}.Release|Any CPU.ActiveCfg = Release|Any CPU
		{F108D585-06D0-4E69-9CB1-C0E4F465D951}.Release|Any CPU.Build.0 = Release|Any CPU
		{F108D585-06D0-4E69-9CB1-C0E4F465D951}.Release|Mixed Platforms.ActiveCfg = Release|Any CPU
		{F108D585-06D0-4E69-9CB1-C0E4F465D951}.Release|Mixed Platforms.Build.0 = Release|Any CPU
		{F108D585-06D0-4E69-9CB1-C0E4F465D951}.Release|x86.ActiveCfg = Release|Any CPU
		{D14FEF8F-35EF-44CD-AE85-649A60319ECD}.Debug|.NET.ActiveCfg = Debug|Any CPU
		{D14FEF8F-35EF-44CD-AE85-649A60319ECD}.Debug|.NET.Build.0 = Debug|Any CPU
		{D14FEF8F-35EF-44CD-AE85-649A60319ECD}.Debug|Any CPU.ActiveCfg = Debug|Any CPU
		{D14FEF8F-35EF-44CD-AE85-649A60319ECD}.Debug|Any CPU.Build.0 = Debug|Any CPU
		{D14FEF8F-35EF-44CD-AE85-649A60319ECD}.Debug|Mixed Platforms.ActiveCfg = Debug|Any CPU
		{D14FEF8F-35EF-44CD-AE85-649A60319ECD}.Debug|Mixed Platforms.Build.0 = Debug|Any CPU
		{D14FEF8F-35EF-44CD-AE85-649A60319ECD}.Debug|x86.ActiveCfg = Debug|Any CPU
		{D14FEF8F-35EF-44CD-AE85-649A60319ECD}.Release|.NET.ActiveCfg = Release|Any CPU
		{D14FEF8F-35EF-44CD-AE85-649A60319ECD}.Release|Any CPU.ActiveCfg = Release|Any CPU
		{D14FEF8F-35EF-44CD-AE85-649A60319ECD}.Release|Any CPU.Build.0 = Release|Any CPU
		{D14FEF8F-35EF-44CD-AE85-649A60319ECD}.Release|Mixed Platforms.ActiveCfg = Release|Any CPU
		{D14FEF8F-35EF-44CD-AE85-649A60319ECD}.Release|Mixed Platforms.Build.0 = Release|Any CPU
		{D14FEF8F-35EF-44CD-AE85-649A60319ECD}.Release|x86.ActiveCfg = Release|Any CPU
		{5D9ABB78-D943-464D-89C3-56E4DC9E7625}.Debug|.NET.ActiveCfg = Debug|Any CPU
		{5D9ABB78-D943-464D-89C3-56E4DC9E7625}.Debug|.NET.Build.0 = Debug|Any CPU
		{5D9ABB78-D943-464D-89C3-56E4DC9E7625}.Debug|Any CPU.ActiveCfg = Debug|Any CPU
		{5D9ABB78-D943-464D-89C3-56E4DC9E7625}.Debug|Any CPU.Build.0 = Debug|Any CPU
		{5D9ABB78-D943-464D-89C3-56E4DC9E7625}.Debug|Mixed Platforms.ActiveCfg = Debug|Any CPU
		{5D9ABB78-D943-464D-89C3-56E4DC9E7625}.Debug|Mixed Platforms.Build.0 = Debug|Any CPU
		{5D9ABB78-D943-464D-89C3-56E4DC9E7625}.Debug|x86.ActiveCfg = Debug|Any CPU
		{5D9ABB78-D943-464D-89C3-56E4DC9E7625}.Release|.NET.ActiveCfg = Release|Any CPU
		{5D9ABB78-D943-464D-89C3-56E4DC9E7625}.Release|Any CPU.ActiveCfg = Release|Any CPU
		{5D9ABB78-D943-464D-89C3-56E4DC9E7625}.Release|Any CPU.Build.0 = Release|Any CPU
		{5D9ABB78-D943-464D-89C3-56E4DC9E7625}.Release|Mixed Platforms.ActiveCfg = Release|Any CPU
		{5D9ABB78-D943-464D-89C3-56E4DC9E7625}.Release|Mixed Platforms.Build.0 = Release|Any CPU
		{5D9ABB78-D943-464D-89C3-56E4DC9E7625}.Release|x86.ActiveCfg = Release|Any CPU
		{937C2AC8-5378-4CA5-8BB6-215C0463CF9F}.Debug|.NET.ActiveCfg = Debug|Any CPU
		{937C2AC8-5378-4CA5-8BB6-215C0463CF9F}.Debug|.NET.Build.0 = Debug|Any CPU
		{937C2AC8-5378-4CA5-8BB6-215C0463CF9F}.Debug|Any CPU.ActiveCfg = Debug|Any CPU
		{937C2AC8-5378-4CA5-8BB6-215C0463CF9F}.Debug|Any CPU.Build.0 = Debug|Any CPU
		{937C2AC8-5378-4CA5-8BB6-215C0463CF9F}.Debug|Mixed Platforms.ActiveCfg = Debug|Any CPU
		{937C2AC8-5378-4CA5-8BB6-215C0463CF9F}.Debug|Mixed Platforms.Build.0 = Debug|Any CPU
		{937C2AC8-5378-4CA5-8BB6-215C0463CF9F}.Debug|x86.ActiveCfg = Debug|Any CPU
		{937C2AC8-5378-4CA5-8BB6-215C0463CF9F}.Release|.NET.ActiveCfg = Release|Any CPU
		{937C2AC8-5378-4CA5-8BB6-215C0463CF9F}.Release|Any CPU.ActiveCfg = Release|Any CPU
		{937C2AC8-5378-4CA5-8BB6-215C0463CF9F}.Release|Any CPU.Build.0 = Release|Any CPU
		{937C2AC8-5378-4CA5-8BB6-215C0463CF9F}.Release|Mixed Platforms.ActiveCfg = Release|Any CPU
		{937C2AC8-5378-4CA5-8BB6-215C0463CF9F}.Release|Mixed Platforms.Build.0 = Release|Any CPU
		{937C2AC8-5378-4CA5-8BB6-215C0463CF9F}.Release|x86.ActiveCfg = Release|Any CPU
		{B2D04F72-E651-4B19-9C00-561D3D3233C3}.Debug|.NET.ActiveCfg = Debug|.NET
		{B2D04F72-E651-4B19-9C00-561D3D3233C3}.Debug|.NET.Build.0 = Debug|.NET
		{B2D04F72-E651-4B19-9C00-561D3D3233C3}.Debug|Any CPU.ActiveCfg = Debug|.NET
		{B2D04F72-E651-4B19-9C00-561D3D3233C3}.Debug|Mixed Platforms.ActiveCfg = Debug|.NET
		{B2D04F72-E651-4B19-9C00-561D3D3233C3}.Debug|Mixed Platforms.Build.0 = Debug|.NET
		{B2D04F72-E651-4B19-9C00-561D3D3233C3}.Debug|x86.ActiveCfg = Debug|.NET
		{B2D04F72-E651-4B19-9C00-561D3D3233C3}.Release|.NET.ActiveCfg = Debug|.NET
		{B2D04F72-E651-4B19-9C00-561D3D3233C3}.Release|.NET.Build.0 = Debug|.NET
		{B2D04F72-E651-4B19-9C00-561D3D3233C3}.Release|Any CPU.ActiveCfg = Debug|.NET
		{B2D04F72-E651-4B19-9C00-561D3D3233C3}.Release|Mixed Platforms.ActiveCfg = Debug|.NET
		{B2D04F72-E651-4B19-9C00-561D3D3233C3}.Release|Mixed Platforms.Build.0 = Debug|.NET
		{B2D04F72-E651-4B19-9C00-561D3D3233C3}.Release|x86.ActiveCfg = Debug|.NET
		{7A0D0DC2-60EE-4EB9-99FB-820904E2E7EB}.Debug|.NET.ActiveCfg = Debug|Any CPU
		{7A0D0DC2-60EE-4EB9-99FB-820904E2E7EB}.Debug|Any CPU.ActiveCfg = Debug|Any CPU
		{7A0D0DC2-60EE-4EB9-99FB-820904E2E7EB}.Debug|Any CPU.Build.0 = Debug|Any CPU
		{7A0D0DC2-60EE-4EB9-99FB-820904E2E7EB}.Debug|Mixed Platforms.ActiveCfg = Debug|Any CPU
		{7A0D0DC2-60EE-4EB9-99FB-820904E2E7EB}.Debug|Mixed Platforms.Build.0 = Debug|Any CPU
		{7A0D0DC2-60EE-4EB9-99FB-820904E2E7EB}.Debug|x86.ActiveCfg = Debug|Any CPU
		{7A0D0DC2-60EE-4EB9-99FB-820904E2E7EB}.Release|.NET.ActiveCfg = Release|Any CPU
		{7A0D0DC2-60EE-4EB9-99FB-820904E2E7EB}.Release|Any CPU.ActiveCfg = Release|Any CPU
		{7A0D0DC2-60EE-4EB9-99FB-820904E2E7EB}.Release|Any CPU.Build.0 = Release|Any CPU
		{7A0D0DC2-60EE-4EB9-99FB-820904E2E7EB}.Release|Mixed Platforms.ActiveCfg = Release|Any CPU
		{7A0D0DC2-60EE-4EB9-99FB-820904E2E7EB}.Release|Mixed Platforms.Build.0 = Release|Any CPU
		{7A0D0DC2-60EE-4EB9-99FB-820904E2E7EB}.Release|x86.ActiveCfg = Release|Any CPU
		{67A707A2-1917-4526-BD3A-D0E5C571A625}.Debug|.NET.ActiveCfg = Debug|Any CPU
		{67A707A2-1917-4526-BD3A-D0E5C571A625}.Debug|Any CPU.ActiveCfg = Debug|Any CPU
		{67A707A2-1917-4526-BD3A-D0E5C571A625}.Debug|Any CPU.Build.0 = Debug|Any CPU
		{67A707A2-1917-4526-BD3A-D0E5C571A625}.Debug|Mixed Platforms.ActiveCfg = Debug|Any CPU
		{67A707A2-1917-4526-BD3A-D0E5C571A625}.Debug|Mixed Platforms.Build.0 = Debug|Any CPU
		{67A707A2-1917-4526-BD3A-D0E5C571A625}.Debug|x86.ActiveCfg = Debug|Any CPU
		{67A707A2-1917-4526-BD3A-D0E5C571A625}.Release|.NET.ActiveCfg = Release|Any CPU
		{67A707A2-1917-4526-BD3A-D0E5C571A625}.Release|Any CPU.ActiveCfg = Release|Any CPU
		{67A707A2-1917-4526-BD3A-D0E5C571A625}.Release|Any CPU.Build.0 = Release|Any CPU
		{67A707A2-1917-4526-BD3A-D0E5C571A625}.Release|Mixed Platforms.ActiveCfg = Release|Any CPU
		{67A707A2-1917-4526-BD3A-D0E5C571A625}.Release|Mixed Platforms.Build.0 = Release|Any CPU
		{67A707A2-1917-4526-BD3A-D0E5C571A625}.Release|x86.ActiveCfg = Release|Any CPU
		{1DF9CCDF-DFF4-47EF-8A11-D2428C472099}.Debug|.NET.ActiveCfg = Debug|Any CPU
		{1DF9CCDF-DFF4-47EF-8A11-D2428C472099}.Debug|Any CPU.ActiveCfg = Debug|Any CPU
		{1DF9CCDF-DFF4-47EF-8A11-D2428C472099}.Debug|Any CPU.Build.0 = Debug|Any CPU
		{1DF9CCDF-DFF4-47EF-8A11-D2428C472099}.Debug|Mixed Platforms.ActiveCfg = Debug|Any CPU
		{1DF9CCDF-DFF4-47EF-8A11-D2428C472099}.Debug|Mixed Platforms.Build.0 = Debug|Any CPU
		{1DF9CCDF-DFF4-47EF-8A11-D2428C472099}.Debug|x86.ActiveCfg = Debug|Any CPU
		{1DF9CCDF-DFF4-47EF-8A11-D2428C472099}.Release|.NET.ActiveCfg = Release|Any CPU
		{1DF9CCDF-DFF4-47EF-8A11-D2428C472099}.Release|Any CPU.ActiveCfg = Release|Any CPU
		{1DF9CCDF-DFF4-47EF-8A11-D2428C472099}.Release|Any CPU.Build.0 = Release|Any CPU
		{1DF9CCDF-DFF4-47EF-8A11-D2428C472099}.Release|Mixed Platforms.ActiveCfg = Release|Any CPU
		{1DF9CCDF-DFF4-47EF-8A11-D2428C472099}.Release|Mixed Platforms.Build.0 = Release|Any CPU
		{1DF9CCDF-DFF4-47EF-8A11-D2428C472099}.Release|x86.ActiveCfg = Release|Any CPU
		{A6122080-4889-487E-8D07-DA303D9479CC}.Debug|.NET.ActiveCfg = Debug|Any CPU
		{A6122080-4889-487E-8D07-DA303D9479CC}.Debug|Any CPU.ActiveCfg = Debug|Any CPU
		{A6122080-4889-487E-8D07-DA303D9479CC}.Debug|Any CPU.Build.0 = Debug|Any CPU
		{A6122080-4889-487E-8D07-DA303D9479CC}.Debug|Mixed Platforms.ActiveCfg = Debug|Any CPU
		{A6122080-4889-487E-8D07-DA303D9479CC}.Debug|Mixed Platforms.Build.0 = Debug|Any CPU
		{A6122080-4889-487E-8D07-DA303D9479CC}.Debug|x86.ActiveCfg = Debug|Any CPU
		{A6122080-4889-487E-8D07-DA303D9479CC}.Release|.NET.ActiveCfg = Release|Any CPU
		{A6122080-4889-487E-8D07-DA303D9479CC}.Release|Any CPU.ActiveCfg = Release|Any CPU
		{A6122080-4889-487E-8D07-DA303D9479CC}.Release|Any CPU.Build.0 = Release|Any CPU
		{A6122080-4889-487E-8D07-DA303D9479CC}.Release|Mixed Platforms.ActiveCfg = Release|Any CPU
		{A6122080-4889-487E-8D07-DA303D9479CC}.Release|Mixed Platforms.Build.0 = Release|Any CPU
		{A6122080-4889-487E-8D07-DA303D9479CC}.Release|x86.ActiveCfg = Release|Any CPU
		{67226B9E-F88D-4A1E-89D9-BCE3A7CA1B59}.Debug|.NET.ActiveCfg = Debug|Any CPU
		{67226B9E-F88D-4A1E-89D9-BCE3A7CA1B59}.Debug|Any CPU.ActiveCfg = Debug|Any CPU
		{67226B9E-F88D-4A1E-89D9-BCE3A7CA1B59}.Debug|Any CPU.Build.0 = Debug|Any CPU
		{67226B9E-F88D-4A1E-89D9-BCE3A7CA1B59}.Debug|Mixed Platforms.ActiveCfg = Debug|Any CPU
		{67226B9E-F88D-4A1E-89D9-BCE3A7CA1B59}.Debug|Mixed Platforms.Build.0 = Debug|Any CPU
		{67226B9E-F88D-4A1E-89D9-BCE3A7CA1B59}.Debug|x86.ActiveCfg = Debug|Any CPU
		{67226B9E-F88D-4A1E-89D9-BCE3A7CA1B59}.Release|.NET.ActiveCfg = Release|Any CPU
		{67226B9E-F88D-4A1E-89D9-BCE3A7CA1B59}.Release|Any CPU.ActiveCfg = Release|Any CPU
		{67226B9E-F88D-4A1E-89D9-BCE3A7CA1B59}.Release|Any CPU.Build.0 = Release|Any CPU
		{67226B9E-F88D-4A1E-89D9-BCE3A7CA1B59}.Release|Mixed Platforms.ActiveCfg = Release|Any CPU
		{67226B9E-F88D-4A1E-89D9-BCE3A7CA1B59}.Release|Mixed Platforms.Build.0 = Release|Any CPU
		{67226B9E-F88D-4A1E-89D9-BCE3A7CA1B59}.Release|x86.ActiveCfg = Release|Any CPU
		{B208FD80-E2C5-4FDC-8865-CDC3E2BE9268}.Debug|.NET.ActiveCfg = Debug|Any CPU
		{B208FD80-E2C5-4FDC-8865-CDC3E2BE9268}.Debug|Any CPU.ActiveCfg = Debug|Any CPU
		{B208FD80-E2C5-4FDC-8865-CDC3E2BE9268}.Debug|Any CPU.Build.0 = Debug|Any CPU
		{B208FD80-E2C5-4FDC-8865-CDC3E2BE9268}.Debug|Mixed Platforms.ActiveCfg = Debug|Any CPU
		{B208FD80-E2C5-4FDC-8865-CDC3E2BE9268}.Debug|Mixed Platforms.Build.0 = Debug|Any CPU
		{B208FD80-E2C5-4FDC-8865-CDC3E2BE9268}.Debug|x86.ActiveCfg = Debug|Any CPU
		{B208FD80-E2C5-4FDC-8865-CDC3E2BE9268}.Release|.NET.ActiveCfg = Release|Any CPU
		{B208FD80-E2C5-4FDC-8865-CDC3E2BE9268}.Release|Any CPU.ActiveCfg = Release|Any CPU
		{B208FD80-E2C5-4FDC-8865-CDC3E2BE9268}.Release|Any CPU.Build.0 = Release|Any CPU
		{B208FD80-E2C5-4FDC-8865-CDC3E2BE9268}.Release|Mixed Platforms.ActiveCfg = Release|Any CPU
		{B208FD80-E2C5-4FDC-8865-CDC3E2BE9268}.Release|Mixed Platforms.Build.0 = Release|Any CPU
		{B208FD80-E2C5-4FDC-8865-CDC3E2BE9268}.Release|x86.ActiveCfg = Release|Any CPU
		{3B45287A-288C-484B-B3B8-0FC340DAFB8C}.Debug|.NET.ActiveCfg = Debug|Any CPU
		{3B45287A-288C-484B-B3B8-0FC340DAFB8C}.Debug|Any CPU.ActiveCfg = Debug|Any CPU
		{3B45287A-288C-484B-B3B8-0FC340DAFB8C}.Debug|Any CPU.Build.0 = Debug|Any CPU
		{3B45287A-288C-484B-B3B8-0FC340DAFB8C}.Debug|Mixed Platforms.ActiveCfg = Debug|Any CPU
		{3B45287A-288C-484B-B3B8-0FC340DAFB8C}.Debug|Mixed Platforms.Build.0 = Debug|Any CPU
		{3B45287A-288C-484B-B3B8-0FC340DAFB8C}.Debug|x86.ActiveCfg = Debug|Any CPU
		{3B45287A-288C-484B-B3B8-0FC340DAFB8C}.Release|.NET.ActiveCfg = Release|Any CPU
		{3B45287A-288C-484B-B3B8-0FC340DAFB8C}.Release|Any CPU.ActiveCfg = Release|Any CPU
		{3B45287A-288C-484B-B3B8-0FC340DAFB8C}.Release|Any CPU.Build.0 = Release|Any CPU
		{3B45287A-288C-484B-B3B8-0FC340DAFB8C}.Release|Mixed Platforms.ActiveCfg = Release|Any CPU
		{3B45287A-288C-484B-B3B8-0FC340DAFB8C}.Release|Mixed Platforms.Build.0 = Release|Any CPU
		{3B45287A-288C-484B-B3B8-0FC340DAFB8C}.Release|x86.ActiveCfg = Release|Any CPU
		{C4161FA2-1F58-41E4-B14A-24DB1780554E}.Debug|.NET.ActiveCfg = Debug|Any CPU
		{C4161FA2-1F58-41E4-B14A-24DB1780554E}.Debug|Any CPU.ActiveCfg = Debug|Any CPU
		{C4161FA2-1F58-41E4-B14A-24DB1780554E}.Debug|Any CPU.Build.0 = Debug|Any CPU
		{C4161FA2-1F58-41E4-B14A-24DB1780554E}.Debug|Mixed Platforms.ActiveCfg = Debug|Any CPU
		{C4161FA2-1F58-41E4-B14A-24DB1780554E}.Debug|Mixed Platforms.Build.0 = Debug|Any CPU
		{C4161FA2-1F58-41E4-B14A-24DB1780554E}.Debug|x86.ActiveCfg = Debug|Any CPU
		{C4161FA2-1F58-41E4-B14A-24DB1780554E}.Release|.NET.ActiveCfg = Release|Any CPU
		{C4161FA2-1F58-41E4-B14A-24DB1780554E}.Release|Any CPU.ActiveCfg = Release|Any CPU
		{C4161FA2-1F58-41E4-B14A-24DB1780554E}.Release|Any CPU.Build.0 = Release|Any CPU
		{C4161FA2-1F58-41E4-B14A-24DB1780554E}.Release|Mixed Platforms.ActiveCfg = Release|Any CPU
		{C4161FA2-1F58-41E4-B14A-24DB1780554E}.Release|Mixed Platforms.Build.0 = Release|Any CPU
		{C4161FA2-1F58-41E4-B14A-24DB1780554E}.Release|x86.ActiveCfg = Release|Any CPU
	EndGlobalSection
	GlobalSection(SolutionProperties) = preSolution
		HideSolutionNode = FALSE
	EndGlobalSection
EndGlobal
